
Microsoft Visual Studio Solution File, Format Version 12.00
# Visual Studio Version 17
VisualStudioVersion = 17.0.31912.275
MinimumVisualStudioVersion = 10.0.40219.1
Project("{9A19103F-16F7-4668-BE54-9A1E7A4F7556}") = "Mandalium.Core.Extensions", "Mandalium.Core\Mandalium.Core.Extensions.csproj", "{52E48FFC-890F-44F1-8306-F7AEE6E53E1F}"
EndProject
Project("{9A19103F-16F7-4668-BE54-9A1E7A4F7556}") = "Mandalium.Core.Abstractions", "Mandalium.Core.Abstractions\Mandalium.Core.Abstractions.csproj", "{2B4E7736-EEC7-44AF-84FF-0E2D0B717100}"
EndProject
Project("{9A19103F-16F7-4668-BE54-9A1E7A4F7556}") = "Mandalium.Core.Persistence", "Mandalium.Core.Persistence\Mandalium.Core.Persistence.csproj", "{5BF9CDFF-F807-492E-8549-9F8B906B8F60}"
EndProject
Project("{FAE04EC0-301F-11D3-BF4B-00C04F79EFBC}") = "Mandalium.Core.Generic", "Mandalium.Core.Generic\Mandalium.Core.Generic.csproj", "{6B6B4A43-DE32-442E-BC9A-9EBFBC113305}"
EndProject
Global
	GlobalSection(SolutionConfigurationPlatforms) = preSolution
		Debug|Any CPU = Debug|Any CPU
		Release|Any CPU = Release|Any CPU
	EndGlobalSection
	GlobalSection(ProjectConfigurationPlatforms) = postSolution
		{52E48FFC-890F-44F1-8306-F7AEE6E53E1F}.Debug|Any CPU.ActiveCfg = Debug|Any CPU
		{52E48FFC-890F-44F1-8306-F7AEE6E53E1F}.Debug|Any CPU.Build.0 = Debug|Any CPU
		{52E48FFC-890F-44F1-8306-F7AEE6E53E1F}.Release|Any CPU.ActiveCfg = Release|Any CPU
		{52E48FFC-890F-44F1-8306-F7AEE6E53E1F}.Release|Any CPU.Build.0 = Release|Any CPU
		{2B4E7736-EEC7-44AF-84FF-0E2D0B717100}.Debug|Any CPU.ActiveCfg = Debug|Any CPU
		{2B4E7736-EEC7-44AF-84FF-0E2D0B717100}.Debug|Any CPU.Build.0 = Debug|Any CPU
		{2B4E7736-EEC7-44AF-84FF-0E2D0B717100}.Release|Any CPU.ActiveCfg = Release|Any CPU
		{2B4E7736-EEC7-44AF-84FF-0E2D0B717100}.Release|Any CPU.Build.0 = Release|Any CPU
		{5BF9CDFF-F807-492E-8549-9F8B906B8F60}.Debug|Any CPU.ActiveCfg = Debug|Any CPU
		{5BF9CDFF-F807-492E-8549-9F8B906B8F60}.Debug|Any CPU.Build.0 = Debug|Any CPU
		{5BF9CDFF-F807-492E-8549-9F8B906B8F60}.Release|Any CPU.ActiveCfg = Release|Any CPU
		{5BF9CDFF-F807-492E-8549-9F8B906B8F60}.Release|Any CPU.Build.0 = Release|Any CPU
		{6B6B4A43-DE32-442E-BC9A-9EBFBC113305}.Debug|Any CPU.ActiveCfg = Debug|Any CPU
		{6B6B4A43-DE32-442E-BC9A-9EBFBC113305}.Debug|Any CPU.Build.0 = Debug|Any CPU
		{6B6B4A43-DE32-442E-BC9A-9EBFBC113305}.Release|Any CPU.ActiveCfg = Release|Any CPU
		{6B6B4A43-DE32-442E-BC9A-9EBFBC113305}.Release|Any CPU.Build.0 = Release|Any CPU
	EndGlobalSection
	GlobalSection(SolutionProperties) = preSolution
		HideSolutionNode = FALSE
	EndGlobalSection
	GlobalSection(ExtensibilityGlobals) = postSolution
		SolutionGuid = {63879E2A-EAD3-4CFA-B0F2-4AFDAB6E4E42}
	EndGlobalSection
EndGlobal
